// !$*UTF8*$!
{
	archiveVersion = 1;
	classes = {
	};
	objectVersion = 77;
	objects = {

/* Begin PBXBuildFile section */
		E25B94C82DDBCF0200D1CF94 /* NetworkLayer.framework in Frameworks */ = {isa = PBXBuildFile; fileRef = E25B94C72DDBCEFF00D1CF94 /* NetworkLayer.framework */; };
		E25B94C92DDBCF0200D1CF94 /* NetworkLayer.framework in Embed Frameworks */ = {isa = PBXBuildFile; fileRef = E25B94C72DDBCEFF00D1CF94 /* NetworkLayer.framework */; settings = {ATTRIBUTES = (CodeSignOnCopy, RemoveHeadersOnCopy, ); }; };
		E25BA0FA2DDBCFE900D1CF94 /* DatabaseLayer.framework in Frameworks */ = {isa = PBXBuildFile; fileRef = E25BA0F92DDBCFD800D1CF94 /* DatabaseLayer.framework */; };
		E25BA0FB2DDBCFE900D1CF94 /* DatabaseLayer.framework in Embed Frameworks */ = {isa = PBXBuildFile; fileRef = E25BA0F92DDBCFD800D1CF94 /* DatabaseLayer.framework */; settings = {ATTRIBUTES = (CodeSignOnCopy, RemoveHeadersOnCopy, ); }; };
/* End PBXBuildFile section */

/* Begin PBXContainerItemProxy section */
		E25B94C62DDBCEFF00D1CF94 /* PBXContainerItemProxy */ = {
			isa = PBXContainerItemProxy;
			containerPortal = E25B889A2DDBCC1A00D1CF94 /* NetworkLayer.xcodeproj */;
			proxyType = 2;
			remoteGlobalIDString = E25B70D02DDBCB6800D1CF94;
			remoteInfo = NetworkLayer;
		};
		E25BA0F82DDBCFD800D1CF94 /* PBXContainerItemProxy */ = {
			isa = PBXContainerItemProxy;
			containerPortal = E25BA0EF2DDBCFD800D1CF94 /* DatabaseLayer.xcodeproj */;
			proxyType = 2;
			remoteGlobalIDString = E25B95082DDBCF8400D1CF94;
			remoteInfo = DatabaseLayer;
		};
/* End PBXContainerItemProxy section */

/* Begin PBXCopyFilesBuildPhase section */
		E25B94932DDBCDFD00D1CF94 /* Embed Frameworks */ = {
			isa = PBXCopyFilesBuildPhase;
			buildActionMask = 2147483647;
			dstPath = "";
			dstSubfolderSpec = 10;
			files = (
				E25B94C92DDBCF0200D1CF94 /* NetworkLayer.framework in Embed Frameworks */,
				E25BA0FB2DDBCFE900D1CF94 /* DatabaseLayer.framework in Embed Frameworks */,
			);
			name = "Embed Frameworks";
			runOnlyForDeploymentPostprocessing = 0;
		};
/* End PBXCopyFilesBuildPhase section */

/* Begin PBXFileReference section */
		E25B64AC2DDBCAA500D1CF94 /* BuisnessLayer.framework */ = {isa = PBXFileReference; explicitFileType = wrapper.framework; includeInIndex = 0; path = BuisnessLayer.framework; sourceTree = BUILT_PRODUCTS_DIR; };
		E25B889A2DDBCC1A00D1CF94 /* NetworkLayer.xcodeproj */ = {isa = PBXFileReference; lastKnownFileType = "wrapper.pb-project"; path = NetworkLayer.xcodeproj; sourceTree = "<group>"; };
		E25BA0EF2DDBCFD800D1CF94 /* DatabaseLayer.xcodeproj */ = {isa = PBXFileReference; lastKnownFileType = "wrapper.pb-project"; path = DatabaseLayer.xcodeproj; sourceTree = "<group>"; };
/* End PBXFileReference section */

/* Begin PBXFileSystemSynchronizedRootGroup section */
		E25B64AE2DDBCAA500D1CF94 /* BuisnessLayer */ = {
			isa = PBXFileSystemSynchronizedRootGroup;
			path = BuisnessLayer;
			sourceTree = "<group>";
		};
/* End PBXFileSystemSynchronizedRootGroup section */

/* Begin PBXFrameworksBuildPhase section */
		E25B64A92DDBCAA500D1CF94 /* Frameworks */ = {
			isa = PBXFrameworksBuildPhase;
			buildActionMask = 2147483647;
			files = (
				E25B94C82DDBCF0200D1CF94 /* NetworkLayer.framework in Frameworks */,
				E25BA0FA2DDBCFE900D1CF94 /* DatabaseLayer.framework in Frameworks */,
			);
			runOnlyForDeploymentPostprocessing = 0;
		};
/* End PBXFrameworksBuildPhase section */

/* Begin PBXGroup section */
		E25B64A22DDBCAA500D1CF94 = {
			isa = PBXGroup;
			children = (
				E25B64AE2DDBCAA500D1CF94 /* BuisnessLayer */,
				E25B7CC02DDBCC1A00D1CF94 /* Frameworks */,
				E25B64AD2DDBCAA500D1CF94 /* Products */,
			);
			sourceTree = "<group>";
		};
		E25B64AD2DDBCAA500D1CF94 /* Products */ = {
			isa = PBXGroup;
			children = (
				E25B64AC2DDBCAA500D1CF94 /* BuisnessLayer.framework */,
			);
			name = Products;
			sourceTree = "<group>";
		};
		E25B7CC02DDBCC1A00D1CF94 /* Frameworks */ = {
			isa = PBXGroup;
			children = (
				E25BA0F02DDBCFD800D1CF94 /* DatabaseLayer */,
				E25B889B2DDBCC1A00D1CF94 /* NetworkLayer */,
			);
			name = Frameworks;
			sourceTree = "<group>";
		};
		E25B889B2DDBCC1A00D1CF94 /* NetworkLayer */ = {
			isa = PBXGroup;
			children = (
				E25B889A2DDBCC1A00D1CF94 /* NetworkLayer.xcodeproj */,
			);
			name = NetworkLayer;
			path = ../NetworkLayer;
			sourceTree = "<group>";
		};
		E25B94B72DDBCE9900D1CF94 /* Products */ = {
			isa = PBXGroup;
			children = (
				E25B94C72DDBCEFF00D1CF94 /* NetworkLayer.framework */,
			);
			name = Products;
			sourceTree = "<group>";
		};
		E25BA0F02DDBCFD800D1CF94 /* DatabaseLayer */ = {
			isa = PBXGroup;
			children = (
				E25BA0EF2DDBCFD800D1CF94 /* DatabaseLayer.xcodeproj */,
			);
			name = DatabaseLayer;
			path = ../DatabaseLayer;
			sourceTree = "<group>";
		};
		E25BA0F12DDBCFD800D1CF94 /* Products */ = {
			isa = PBXGroup;
			children = (
				E25BA0F92DDBCFD800D1CF94 /* DatabaseLayer.framework */,
			);
			name = Products;
			sourceTree = "<group>";
		};
/* End PBXGroup section */

/* Begin PBXHeadersBuildPhase section */
		E25B64A72DDBCAA500D1CF94 /* Headers */ = {
			isa = PBXHeadersBuildPhase;
			buildActionMask = 2147483647;
			files = (
			);
			runOnlyForDeploymentPostprocessing = 0;
		};
/* End PBXHeadersBuildPhase section */

/* Begin PBXNativeTarget section */
		E25B64AB2DDBCAA500D1CF94 /* BuisnessLayer */ = {
			isa = PBXNativeTarget;
			buildConfigurationList = E25B64B22DDBCAA500D1CF94 /* Build configuration list for PBXNativeTarget "BuisnessLayer" */;
			buildPhases = (
				E25B64A72DDBCAA500D1CF94 /* Headers */,
				E25B64A82DDBCAA500D1CF94 /* Sources */,
				E25B64A92DDBCAA500D1CF94 /* Frameworks */,
				E25B64AA2DDBCAA500D1CF94 /* Resources */,
				E25B94932DDBCDFD00D1CF94 /* Embed Frameworks */,
			);
			buildRules = (
			);
			dependencies = (
			);
			fileSystemSynchronizedGroups = (
				E25B64AE2DDBCAA500D1CF94 /* BuisnessLayer */,
			);
			name = BuisnessLayer;
			packageProductDependencies = (
			);
			productName = BuisnessLayer;
			productReference = E25B64AC2DDBCAA500D1CF94 /* BuisnessLayer.framework */;
			productType = "com.apple.product-type.framework";
		};
/* End PBXNativeTarget section */

/* Begin PBXProject section */
		E25B64A32DDBCAA500D1CF94 /* Project object */ = {
			isa = PBXProject;
			attributes = {
				BuildIndependentTargetsInParallel = 1;
				LastUpgradeCheck = 1620;
				TargetAttributes = {
					E25B64AB2DDBCAA500D1CF94 = {
						CreatedOnToolsVersion = 16.2;
						LastSwiftMigration = 1620;
					};
				};
			};
			buildConfigurationList = E25B64A62DDBCAA500D1CF94 /* Build configuration list for PBXProject "BuisnessLayer" */;
			developmentRegion = en;
			hasScannedForEncodings = 0;
			knownRegions = (
				en,
				Base,
			);
			mainGroup = E25B64A22DDBCAA500D1CF94;
			minimizedProjectReferenceProxies = 1;
			preferredProjectObjectVersion = 77;
			productRefGroup = E25B64AD2DDBCAA500D1CF94 /* Products */;
			projectDirPath = "";
			projectReferences = (
				{
					ProductGroup = E25BA0F12DDBCFD800D1CF94 /* Products */;
					ProjectRef = E25BA0EF2DDBCFD800D1CF94 /* DatabaseLayer.xcodeproj */;
				},
				{
					ProductGroup = E25B94B72DDBCE9900D1CF94 /* Products */;
					ProjectRef = E25B889A2DDBCC1A00D1CF94 /* NetworkLayer.xcodeproj */;
				},
			);
			projectRoot = "";
			targets = (
				E25B64AB2DDBCAA500D1CF94 /* BuisnessLayer */,
			);
		};
/* End PBXProject section */

/* Begin PBXReferenceProxy section */
		E25B94C72DDBCEFF00D1CF94 /* NetworkLayer.framework */ = {
			isa = PBXReferenceProxy;
			fileType = wrapper.framework;
			path = NetworkLayer.framework;
			remoteRef = E25B94C62DDBCEFF00D1CF94 /* PBXContainerItemProxy */;
			sourceTree = BUILT_PRODUCTS_DIR;
		};
		E25BA0F92DDBCFD800D1CF94 /* DatabaseLayer.framework */ = {
			isa = PBXReferenceProxy;
			fileType = wrapper.framework;
			path = DatabaseLayer.framework;
			remoteRef = E25BA0F82DDBCFD800D1CF94 /* PBXContainerItemProxy */;
			sourceTree = BUILT_PRODUCTS_DIR;
		};
/* End PBXReferenceProxy section */

/* Begin PBXResourcesBuildPhase section */
		E25B64AA2DDBCAA500D1CF94 /* Resources */ = {
			isa = PBXResourcesBuildPhase;
			buildActionMask = 2147483647;
			files = (
			);
			runOnlyForDeploymentPostprocessing = 0;
		};
/* End PBXResourcesBuildPhase section */

/* Begin PBXSourcesBuildPhase section */
		E25B64A82DDBCAA500D1CF94 /* Sources */ = {
			isa = PBXSourcesBuildPhase;
			buildActionMask = 2147483647;
			files = (
			);
			runOnlyForDeploymentPostprocessing = 0;
		};
/* End PBXSourcesBuildPhase section */

/* Begin XCBuildConfiguration section */
		E25B64B32DDBCAA500D1CF94 /* Debug */ = {
			isa = XCBuildConfiguration;
			buildSettings = {
				BUILD_LIBRARY_FOR_DISTRIBUTION = NO;
				CLANG_ENABLE_MODULES = YES;
				CODE_SIGN_STYLE = Automatic;
				CURRENT_PROJECT_VERSION = 1;
				DEFINES_MODULE = YES;
				DYLIB_COMPATIBILITY_VERSION = 1;
				DYLIB_CURRENT_VERSION = 1;
				DYLIB_INSTALL_NAME_BASE = "@rpath";
				ENABLE_MODULE_VERIFIER = YES;
				GENERATE_INFOPLIST_FILE = YES;
				INFOPLIST_KEY_NSHumanReadableCopyright = "";
				INSTALL_PATH = "$(LOCAL_LIBRARY_DIR)/Frameworks";
				LD_RUNPATH_SEARCH_PATHS = (
					"$(inherited)",
					"@executable_path/Frameworks",
					"@loader_path/Frameworks",
				);
				MARKETING_VERSION = 1.0;
				MODULE_VERIFIER_SUPPORTED_LANGUAGES = "objective-c objective-c++";
				MODULE_VERIFIER_SUPPORTED_LANGUAGE_STANDARDS = "gnu17 gnu++20";
				PRODUCT_BUNDLE_IDENTIFIER = kapustin.BuisnessLayer;
				PRODUCT_NAME = "$(TARGET_NAME:c99extidentifier)";
				SKIP_INSTALL = YES;
				SWIFT_EMIT_LOC_STRINGS = YES;
				SWIFT_INSTALL_OBJC_HEADER = NO;
				SWIFT_OPTIMIZATION_LEVEL = "-Onone";
				SWIFT_VERSION = 5.0;
				TARGETED_DEVICE_FAMILY = "1,2";
			};
			name = Debug;
		};
		E25B64B42DDBCAA500D1CF94 /* Release */ = {
			isa = XCBuildConfiguration;
			buildSettings = {
				BUILD_LIBRARY_FOR_DISTRIBUTION = NO;
				CLANG_ENABLE_MODULES = YES;
				CODE_SIGN_STYLE = Automatic;
				CURRENT_PROJECT_VERSION = 1;
				DEFINES_MODULE = YES;
				DYLIB_COMPATIBILITY_VERSION = 1;
				DYLIB_CURRENT_VERSION = 1;
				DYLIB_INSTALL_NAME_BASE = "@rpath";
				ENABLE_MODULE_VERIFIER = YES;
				GENERATE_INFOPLIST_FILE = YES;
				INFOPLIST_KEY_NSHumanReadableCopyright = "";
				INSTALL_PATH = "$(LOCAL_LIBRARY_DIR)/Frameworks";
				LD_RUNPATH_SEARCH_PATHS = (
					"$(inherited)",
					"@executable_path/Frameworks",
					"@loader_path/Frameworks",
				);
				MARKETING_VERSION = 1.0;
				MODULE_VERIFIER_SUPPORTED_LANGUAGES = "objective-c objective-c++";
				MODULE_VERIFIER_SUPPORTED_LANGUAGE_STANDARDS = "gnu17 gnu++20";
				PRODUCT_BUNDLE_IDENTIFIER = kapustin.BuisnessLayer;
				PRODUCT_NAME = "$(TARGET_NAME:c99extidentifier)";
				SKIP_INSTALL = YES;
				SWIFT_EMIT_LOC_STRINGS = YES;
				SWIFT_INSTALL_OBJC_HEADER = NO;
				SWIFT_VERSION = 5.0;
				TARGETED_DEVICE_FAMILY = "1,2";
			};
			name = Release;
		};
		E25B64B52DDBCAA500D1CF94 /* Debug */ = {
			isa = XCBuildConfiguration;
			buildSettings = {
				ALWAYS_SEARCH_USER_PATHS = NO;
				ASSETCATALOG_COMPILER_GENERATE_SWIFT_ASSET_SYMBOL_EXTENSIONS = YES;
				CLANG_ANALYZER_NONNULL = YES;
				CLANG_ANALYZER_NUMBER_OBJECT_CONVERSION = YES_AGGRESSIVE;
				CLANG_CXX_LANGUAGE_STANDARD = "gnu++20";
				CLANG_ENABLE_MODULES = YES;
				CLANG_ENABLE_OBJC_ARC = YES;
				CLANG_ENABLE_OBJC_WEAK = YES;
				CLANG_WARN_BLOCK_CAPTURE_AUTORELEASING = YES;
				CLANG_WARN_BOOL_CONVERSION = YES;
				CLANG_WARN_COMMA = YES;
				CLANG_WARN_CONSTANT_CONVERSION = YES;
				CLANG_WARN_DEPRECATED_OBJC_IMPLEMENTATIONS = YES;
				CLANG_WARN_DIRECT_OBJC_ISA_USAGE = YES_ERROR;
				CLANG_WARN_DOCUMENTATION_COMMENTS = YES;
				CLANG_WARN_EMPTY_BODY = YES;
				CLANG_WARN_ENUM_CONVERSION = YES;
				CLANG_WARN_INFINITE_RECURSION = YES;
				CLANG_WARN_INT_CONVERSION = YES;
				CLANG_WARN_NON_LITERAL_NULL_CONVERSION = YES;
				CLANG_WARN_OBJC_IMPLICIT_RETAIN_SELF = YES;
				CLANG_WARN_OBJC_LITERAL_CONVERSION = YES;
				CLANG_WARN_OBJC_ROOT_CLASS = YES_ERROR;
				CLANG_WARN_QUOTED_INCLUDE_IN_FRAMEWORK_HEADER = YES;
				CLANG_WARN_RANGE_LOOP_ANALYSIS = YES;
				CLANG_WARN_STRICT_PROTOTYPES = YES;
				CLANG_WARN_SUSPICIOUS_MOVE = YES;
				CLANG_WARN_UNGUARDED_AVAILABILITY = YES_AGGRESSIVE;
				CLANG_WARN_UNREACHABLE_CODE = YES;
				CLANG_WARN__DUPLICATE_METHOD_MATCH = YES;
				COPY_PHASE_STRIP = NO;
				CURRENT_PROJECT_VERSION = 1;
				DEBUG_INFORMATION_FORMAT = dwarf;
				ENABLE_STRICT_OBJC_MSGSEND = YES;
				ENABLE_TESTABILITY = YES;
				ENABLE_USER_SCRIPT_SANDBOXING = YES;
				GCC_C_LANGUAGE_STANDARD = gnu17;
				GCC_DYNAMIC_NO_PIC = NO;
				GCC_NO_COMMON_BLOCKS = YES;
				GCC_OPTIMIZATION_LEVEL = 0;
				GCC_PREPROCESSOR_DEFINITIONS = (
					"DEBUG=1",
					"$(inherited)",
				);
				GCC_WARN_64_TO_32_BIT_CONVERSION = YES;
				GCC_WARN_ABOUT_RETURN_TYPE = YES_ERROR;
				GCC_WARN_UNDECLARED_SELECTOR = YES;
				GCC_WARN_UNINITIALIZED_AUTOS = YES_AGGRESSIVE;
				GCC_WARN_UNUSED_FUNCTION = YES;
				GCC_WARN_UNUSED_VARIABLE = YES;
				IPHONEOS_DEPLOYMENT_TARGET = 18.2;
				LOCALIZATION_PREFERS_STRING_CATALOGS = YES;
				MTL_ENABLE_DEBUG_INFO = INCLUDE_SOURCE;
				MTL_FAST_MATH = YES;
				ONLY_ACTIVE_ARCH = YES;
				SDKROOT = iphoneos;
				SWIFT_ACTIVE_COMPILATION_CONDITIONS = "DEBUG $(inherited)";
				SWIFT_OPTIMIZATION_LEVEL = "-Onone";
				VERSIONING_SYSTEM = "apple-generic";
				VERSION_INFO_PREFIX = "";
			};
			name = Debug;
		};
		E25B64B62DDBCAA500D1CF94 /* Release */ = {
			isa = XCBuildConfiguration;
			buildSettings = {
				ALWAYS_SEARCH_USER_PATHS = NO;
				ASSETCATALOG_COMPILER_GENERATE_SWIFT_ASSET_SYMBOL_EXTENSIONS = YES;
				CLANG_ANALYZER_NONNULL = YES;
				CLANG_ANALYZER_NUMBER_OBJECT_CONVERSION = YES_AGGRESSIVE;
				CLANG_CXX_LANGUAGE_STANDARD = "gnu++20";
				CLANG_ENABLE_MODULES = YES;
				CLANG_ENABLE_OBJC_ARC = YES;
				CLANG_ENABLE_OBJC_WEAK = YES;
				CLANG_WARN_BLOCK_CAPTURE_AUTORELEASING = YES;
				CLANG_WARN_BOOL_CONVERSION = YES;
				CLANG_WARN_COMMA = YES;
				CLANG_WARN_CONSTANT_CONVERSION = YES;
				CLANG_WARN_DEPRECATED_OBJC_IMPLEMENTATIONS = YES;
				CLANG_WARN_DIRECT_OBJC_ISA_USAGE = YES_ERROR;
				CLANG_WARN_DOCUMENTATION_COMMENTS = YES;
				CLANG_WARN_EMPTY_BODY = YES;
				CLANG_WARN_ENUM_CONVERSION = YES;
				CLANG_WARN_INFINITE_RECURSION = YES;
				CLANG_WARN_INT_CONVERSION = YES;
				CLANG_WARN_NON_LITERAL_NULL_CONVERSION = YES;
				CLANG_WARN_OBJC_IMPLICIT_RETAIN_SELF = YES;
				CLANG_WARN_OBJC_LITERAL_CONVERSION = YES;
				CLANG_WARN_OBJC_ROOT_CLASS = YES_ERROR;
				CLANG_WARN_QUOTED_INCLUDE_IN_FRAMEWORK_HEADER = YES;
				CLANG_WARN_RANGE_LOOP_ANALYSIS = YES;
				CLANG_WARN_STRICT_PROTOTYPES = YES;
				CLANG_WARN_SUSPICIOUS_MOVE = YES;
				CLANG_WARN_UNGUARDED_AVAILABILITY = YES_AGGRESSIVE;
				CLANG_WARN_UNREACHABLE_CODE = YES;
				CLANG_WARN__DUPLICATE_METHOD_MATCH = YES;
				COPY_PHASE_STRIP = NO;
				CURRENT_PROJECT_VERSION = 1;
				DEBUG_INFORMATION_FORMAT = "dwarf-with-dsym";
				ENABLE_NS_ASSERTIONS = NO;
				ENABLE_STRICT_OBJC_MSGSEND = YES;
				ENABLE_USER_SCRIPT_SANDBOXING = YES;
				GCC_C_LANGUAGE_STANDARD = gnu17;
				GCC_NO_COMMON_BLOCKS = YES;
				GCC_WARN_64_TO_32_BIT_CONVERSION = YES;
				GCC_WARN_ABOUT_RETURN_TYPE = YES_ERROR;
				GCC_WARN_UNDECLARED_SELECTOR = YES;
				GCC_WARN_UNINITIALIZED_AUTOS = YES_AGGRESSIVE;
				GCC_WARN_UNUSED_FUNCTION = YES;
				GCC_WARN_UNUSED_VARIABLE = YES;
				IPHONEOS_DEPLOYMENT_TARGET = 18.2;
				LOCALIZATION_PREFERS_STRING_CATALOGS = YES;
				MTL_ENABLE_DEBUG_INFO = NO;
				MTL_FAST_MATH = YES;
				SDKROOT = iphoneos;
				SWIFT_COMPILATION_MODE = wholemodule;
				VALIDATE_PRODUCT = YES;
				VERSIONING_SYSTEM = "apple-generic";
				VERSION_INFO_PREFIX = "";
			};
			name = Release;
		};
/* End XCBuildConfiguration section */

/* Begin XCConfigurationList section */
		E25B64A62DDBCAA500D1CF94 /* Build configuration list for PBXProject "BuisnessLayer" */ = {
			isa = XCConfigurationList;
			buildConfigurations = (
				E25B64B52DDBCAA500D1CF94 /* Debug */,
				E25B64B62DDBCAA500D1CF94 /* Release */,
			);
			defaultConfigurationIsVisible = 0;
			defaultConfigurationName = Release;
		};
		E25B64B22DDBCAA500D1CF94 /* Build configuration list for PBXNativeTarget "BuisnessLayer" */ = {
			isa = XCConfigurationList;
			buildConfigurations = (
				E25B64B32DDBCAA500D1CF94 /* Debug */,
				E25B64B42DDBCAA500D1CF94 /* Release */,
			);
			defaultConfigurationIsVisible = 0;
			defaultConfigurationName = Release;
		};
/* End XCConfigurationList section */
	};
	rootObject = E25B64A32DDBCAA500D1CF94 /* Project object */;
}
